// !$*UTF8*$!
{
	archiveVersion = 1;
	classes = {
	};
	objectVersion = 46;
	objects = {

/* Begin PBXBuildFile section */
		66975316196525330016D50E /* Foundation.framework in Frameworks */ = {isa = PBXBuildFile; fileRef = 66975315196525330016D50E /* Foundation.framework */; };
		6697533F1965254E0016D50E /* NILockStore.m in Sources */ = {isa = PBXBuildFile; fileRef = 6697533E1965254E0016D50E /* NILockStore.m */; };
		66975343196525DF0016D50E /* NimbusKitThreading.h in Headers */ = {isa = PBXBuildFile; fileRef = 66975340196525CB0016D50E /* NimbusKitThreading.h */; settings = {ATTRIBUTES = (Public, ); }; };
		66975344196525DF0016D50E /* NILockStore.h in Headers */ = {isa = PBXBuildFile; fileRef = 6697533D1965254E0016D50E /* NILockStore.h */; settings = {ATTRIBUTES = (Public, ); }; };
		66A571C7196D95C600CF30A8 /* NIDispatchTools.h in Headers */ = {isa = PBXBuildFile; fileRef = 66A571C5196D95C600CF30A8 /* NIDispatchTools.h */; settings = {ATTRIBUTES = (Public, ); }; };
		66A571C8196D95C600CF30A8 /* NIDispatchTools.m in Sources */ = {isa = PBXBuildFile; fileRef = 66A571C6196D95C600CF30A8 /* NIDispatchTools.m */; };
		66A571CB196D96B900CF30A8 /* NIDispatchProxy.h in Headers */ = {isa = PBXBuildFile; fileRef = 66A571C9196D96B900CF30A8 /* NIDispatchProxy.h */; settings = {ATTRIBUTES = (Public, ); }; };
		66A571CC196D96B900CF30A8 /* NIDispatchProxy.m in Sources */ = {isa = PBXBuildFile; fileRef = 66A571CA196D96B900CF30A8 /* NIDispatchProxy.m */; };
/* End PBXBuildFile section */

/* Begin PBXCopyFilesBuildPhase section */
		66975310196525330016D50E /* CopyFiles */ = {
			isa = PBXCopyFilesBuildPhase;
			buildActionMask = 2147483647;
			dstPath = "include/$(PRODUCT_NAME)";
			dstSubfolderSpec = 16;
			files = (
			);
			runOnlyForDeploymentPostprocessing = 0;
		};
/* End PBXCopyFilesBuildPhase section */

/* Begin PBXFileReference section */
		66975312196525330016D50E /* libNimbusKitThreading.a */ = {isa = PBXFileReference; explicitFileType = archive.ar; includeInIndex = 0; path = libNimbusKitThreading.a; sourceTree = BUILT_PRODUCTS_DIR; };
		66975315196525330016D50E /* Foundation.framework */ = {isa = PBXFileReference; lastKnownFileType = wrapper.framework; name = Foundation.framework; path = System/Library/Frameworks/Foundation.framework; sourceTree = SDKROOT; };
		66975319196525330016D50E /* NimbusKitThreading-Prefix.pch */ = {isa = PBXFileReference; lastKnownFileType = sourcecode.c.h; name = "NimbusKitThreading-Prefix.pch"; path = "Threading/NimbusKitThreading-Prefix.pch"; sourceTree = "<group>"; };
		66975323196525330016D50E /* XCTest.framework */ = {isa = PBXFileReference; lastKnownFileType = wrapper.framework; name = XCTest.framework; path = Library/Frameworks/XCTest.framework; sourceTree = DEVELOPER_DIR; };
		66975326196525330016D50E /* UIKit.framework */ = {isa = PBXFileReference; lastKnownFileType = wrapper.framework; name = UIKit.framework; path = Library/Frameworks/UIKit.framework; sourceTree = DEVELOPER_DIR; };
		6697533D1965254E0016D50E /* NILockStore.h */ = {isa = PBXFileReference; fileEncoding = 4; lastKnownFileType = sourcecode.c.h; path = NILockStore.h; sourceTree = "<group>"; };
		6697533E1965254E0016D50E /* NILockStore.m */ = {isa = PBXFileReference; fileEncoding = 4; lastKnownFileType = sourcecode.c.objc; path = NILockStore.m; sourceTree = "<group>"; };
		66975340196525CB0016D50E /* NimbusKitThreading.h */ = {isa = PBXFileReference; lastKnownFileType = sourcecode.c.h; path = NimbusKitThreading.h; sourceTree = "<group>"; };
		669753451965264B0016D50E /* README.md */ = {isa = PBXFileReference; lastKnownFileType = text; name = README.md; path = ../README.md; sourceTree = "<group>"; };
		66975346196526520016D50E /* CONTRIBUTING.md */ = {isa = PBXFileReference; lastKnownFileType = text; name = CONTRIBUTING.md; path = ../CONTRIBUTING.md; sourceTree = "<group>"; };
		66975347196526520016D50E /* LICENSE */ = {isa = PBXFileReference; lastKnownFileType = text; name = LICENSE; path = ../LICENSE; sourceTree = "<group>"; };
		66975348196526520016D50E /* PATENTS */ = {isa = PBXFileReference; lastKnownFileType = text; name = PATENTS; path = ../PATENTS; sourceTree = "<group>"; };
		66A571C5196D95C600CF30A8 /* NIDispatchTools.h */ = {isa = PBXFileReference; fileEncoding = 4; lastKnownFileType = sourcecode.c.h; path = NIDispatchTools.h; sourceTree = "<group>"; };
		66A571C6196D95C600CF30A8 /* NIDispatchTools.m */ = {isa = PBXFileReference; fileEncoding = 4; lastKnownFileType = sourcecode.c.objc; path = NIDispatchTools.m; sourceTree = "<group>"; };
		66A571C9196D96B900CF30A8 /* NIDispatchProxy.h */ = {isa = PBXFileReference; fileEncoding = 4; lastKnownFileType = sourcecode.c.h; path = NIDispatchProxy.h; sourceTree = "<group>"; };
		66A571CA196D96B900CF30A8 /* NIDispatchProxy.m */ = {isa = PBXFileReference; fileEncoding = 4; lastKnownFileType = sourcecode.c.objc; path = NIDispatchProxy.m; sourceTree = "<group>"; };
/* End PBXFileReference section */

/* Begin PBXFrameworksBuildPhase section */
		6697530F196525330016D50E /* Frameworks */ = {
			isa = PBXFrameworksBuildPhase;
			buildActionMask = 2147483647;
			files = (
				66975316196525330016D50E /* Foundation.framework in Frameworks */,
			);
			runOnlyForDeploymentPostprocessing = 0;
		};
/* End PBXFrameworksBuildPhase section */

/* Begin PBXGroup section */
		66975309196525330016D50E = {
			isa = PBXGroup;
			children = (
				669753451965264B0016D50E /* README.md */,
				66975346196526520016D50E /* CONTRIBUTING.md */,
				66975347196526520016D50E /* LICENSE */,
				66975348196526520016D50E /* PATENTS */,
				66975319196525330016D50E /* NimbusKitThreading-Prefix.pch */,
				6697533C1965254E0016D50E /* src */,
				66975314196525330016D50E /* Frameworks */,
				66975313196525330016D50E /* Products */,
			);
			sourceTree = "<group>";
		};
		66975313196525330016D50E /* Products */ = {
			isa = PBXGroup;
			children = (
				66975312196525330016D50E /* libNimbusKitThreading.a */,
			);
			name = Products;
			sourceTree = "<group>";
		};
		66975314196525330016D50E /* Frameworks */ = {
			isa = PBXGroup;
			children = (
				66975315196525330016D50E /* Foundation.framework */,
				66975323196525330016D50E /* XCTest.framework */,
				66975326196525330016D50E /* UIKit.framework */,
			);
			name = Frameworks;
			sourceTree = "<group>";
		};
		6697533C1965254E0016D50E /* src */ = {
			isa = PBXGroup;
			children = (
				66975340196525CB0016D50E /* NimbusKitThreading.h */,
				66A571C9196D96B900CF30A8 /* NIDispatchProxy.h */,
				66A571CA196D96B900CF30A8 /* NIDispatchProxy.m */,
				66A571C5196D95C600CF30A8 /* NIDispatchTools.h */,
				66A571C6196D95C600CF30A8 /* NIDispatchTools.m */,
				6697533D1965254E0016D50E /* NILockStore.h */,
				6697533E1965254E0016D50E /* NILockStore.m */,
			);
			name = src;
			path = ../src;
			sourceTree = "<group>";
		};
/* End PBXGroup section */

/* Begin PBXHeadersBuildPhase section */
		66975342196525DB0016D50E /* Headers */ = {
			isa = PBXHeadersBuildPhase;
			buildActionMask = 2147483647;
			files = (
				66975344196525DF0016D50E /* NILockStore.h in Headers */,
				66A571C7196D95C600CF30A8 /* NIDispatchTools.h in Headers */,
				66975343196525DF0016D50E /* NimbusKitThreading.h in Headers */,
				66A571CB196D96B900CF30A8 /* NIDispatchProxy.h in Headers */,
			);
			runOnlyForDeploymentPostprocessing = 0;
		};
/* End PBXHeadersBuildPhase section */

/* Begin PBXNativeTarget section */
		66975311196525330016D50E /* NimbusKitThreading */ = {
			isa = PBXNativeTarget;
			buildConfigurationList = 66975335196525330016D50E /* Build configuration list for PBXNativeTarget "NimbusKitThreading" */;
			buildPhases = (
				6697530E196525330016D50E /* Sources */,
				6697530F196525330016D50E /* Frameworks */,
				66975310196525330016D50E /* CopyFiles */,
				66975342196525DB0016D50E /* Headers */,
				66975349196529340016D50E /* ShellScript */,
			);
			buildRules = (
			);
			dependencies = (
			);
			name = NimbusKitThreading;
			productName = Threading;
			productReference = 66975312196525330016D50E /* libNimbusKitThreading.a */;
			productType = "com.apple.product-type.library.static";
		};
/* End PBXNativeTarget section */

/* Begin PBXProject section */
		6697530A196525330016D50E /* Project object */ = {
			isa = PBXProject;
			attributes = {
				LastUpgradeCheck = 0510;
				ORGANIZATIONNAME = NimbusKit;
			};
			buildConfigurationList = 6697530D196525330016D50E /* Build configuration list for PBXProject "NimbusKitThreading" */;
			compatibilityVersion = "Xcode 3.2";
			developmentRegion = English;
			hasScannedForEncodings = 0;
			knownRegions = (
				en,
			);
			mainGroup = 66975309196525330016D50E;
			productRefGroup = 66975313196525330016D50E /* Products */;
			projectDirPath = "";
			projectRoot = "";
			targets = (
				66975311196525330016D50E /* NimbusKitThreading */,
			);
		};
/* End PBXProject section */

/* Begin PBXShellScriptBuildPhase section */
		66975349196529340016D50E /* ShellScript */ = {
			isa = PBXShellScriptBuildPhase;
			buildActionMask = 2147483647;
			files = (
			);
			inputPaths = (
			);
			outputPaths = (
			);
			runOnlyForDeploymentPostprocessing = 0;
			shellPath = /bin/sh;
			shellScript = "set -e\n\nmkdir -p \"${BUILT_PRODUCTS_DIR}/${PRODUCT_NAME}.framework/Versions/A/Headers\"\n\n# Link the \"Current\" version to \"A\"\n/bin/ln -sfh A \"${BUILT_PRODUCTS_DIR}/${PRODUCT_NAME}.framework/Versions/Current\"\n/bin/ln -sfh Versions/Current/Headers \"${BUILT_PRODUCTS_DIR}/${PRODUCT_NAME}.framework/Headers\"\n/bin/ln -sfh \"Versions/Current/${PRODUCT_NAME}\" \"${BUILT_PRODUCTS_DIR}/${PRODUCT_NAME}.framework/${PRODUCT_NAME}\"\n\n# The -a ensures that the headers maintain the source modification date so that we don't constantly\n# cause propagating rebuilds of files that import these headers.\n/bin/cp -a \"${TARGET_BUILD_DIR}/${PUBLIC_HEADERS_FOLDER_PATH}/\" \"${BUILT_PRODUCTS_DIR}/${PRODUCT_NAME}.framework/Versions/A/Headers\"\n\n";
		};
/* End PBXShellScriptBuildPhase section */

/* Begin PBXSourcesBuildPhase section */
		6697530E196525330016D50E /* Sources */ = {
			isa = PBXSourcesBuildPhase;
			buildActionMask = 2147483647;
			files = (
				66A571C8196D95C600CF30A8 /* NIDispatchTools.m in Sources */,
				66A571CC196D96B900CF30A8 /* NIDispatchProxy.m in Sources */,
				6697533F1965254E0016D50E /* NILockStore.m in Sources */,
			);
			runOnlyForDeploymentPostprocessing = 0;
		};
/* End PBXSourcesBuildPhase section */

/* Begin XCBuildConfiguration section */
		66975333196525330016D50E /* Debug */ = {
			isa = XCBuildConfiguration;
			buildSettings = {
				ALWAYS_SEARCH_USER_PATHS = NO;
				CLANG_CXX_LANGUAGE_STANDARD = "gnu++0x";
				CLANG_CXX_LIBRARY = "libc++";
				CLANG_ENABLE_MODULES = YES;
				CLANG_ENABLE_OBJC_ARC = YES;
				CLANG_WARN_BOOL_CONVERSION = YES;
				CLANG_WARN_CONSTANT_CONVERSION = YES;
				CLANG_WARN_DIRECT_OBJC_ISA_USAGE = YES_ERROR;
				CLANG_WARN_EMPTY_BODY = YES;
				CLANG_WARN_ENUM_CONVERSION = YES;
				CLANG_WARN_INT_CONVERSION = YES;
				CLANG_WARN_OBJC_ROOT_CLASS = YES_ERROR;
				CLANG_WARN__DUPLICATE_METHOD_MATCH = YES;
				COPY_PHASE_STRIP = NO;
				GCC_C_LANGUAGE_STANDARD = gnu99;
				GCC_DYNAMIC_NO_PIC = NO;
				GCC_OPTIMIZATION_LEVEL = 0;
				GCC_PREPROCESSOR_DEFINITIONS = (
					"DEBUG=1",
					"$(inherited)",
				);
				GCC_SYMBOLS_PRIVATE_EXTERN = NO;
				GCC_WARN_64_TO_32_BIT_CONVERSION = YES;
				GCC_WARN_ABOUT_RETURN_TYPE = YES_ERROR;
				GCC_WARN_UNDECLARED_SELECTOR = YES;
				GCC_WARN_UNINITIALIZED_AUTOS = YES_AGGRESSIVE;
				GCC_WARN_UNUSED_FUNCTION = YES;
				GCC_WARN_UNUSED_VARIABLE = YES;
				IPHONEOS_DEPLOYMENT_TARGET = 7.1;
				ONLY_ACTIVE_ARCH = YES;
				SDKROOT = iphoneos;
			};
			name = Debug;
		};
		66975334196525330016D50E /* Release */ = {
			isa = XCBuildConfiguration;
			buildSettings = {
				ALWAYS_SEARCH_USER_PATHS = NO;
				CLANG_CXX_LANGUAGE_STANDARD = "gnu++0x";
				CLANG_CXX_LIBRARY = "libc++";
				CLANG_ENABLE_MODULES = YES;
				CLANG_ENABLE_OBJC_ARC = YES;
				CLANG_WARN_BOOL_CONVERSION = YES;
				CLANG_WARN_CONSTANT_CONVERSION = YES;
				CLANG_WARN_DIRECT_OBJC_ISA_USAGE = YES_ERROR;
				CLANG_WARN_EMPTY_BODY = YES;
				CLANG_WARN_ENUM_CONVERSION = YES;
				CLANG_WARN_INT_CONVERSION = YES;
				CLANG_WARN_OBJC_ROOT_CLASS = YES_ERROR;
				CLANG_WARN__DUPLICATE_METHOD_MATCH = YES;
				COPY_PHASE_STRIP = YES;
				ENABLE_NS_ASSERTIONS = NO;
				GCC_C_LANGUAGE_STANDARD = gnu99;
				GCC_WARN_64_TO_32_BIT_CONVERSION = YES;
				GCC_WARN_ABOUT_RETURN_TYPE = YES_ERROR;
				GCC_WARN_UNDECLARED_SELECTOR = YES;
				GCC_WARN_UNINITIALIZED_AUTOS = YES_AGGRESSIVE;
				GCC_WARN_UNUSED_FUNCTION = YES;
				GCC_WARN_UNUSED_VARIABLE = YES;
				IPHONEOS_DEPLOYMENT_TARGET = 7.1;
				SDKROOT = iphoneos;
				VALIDATE_PRODUCT = YES;
			};
			name = Release;
		};
		66975336196525330016D50E /* Debug */ = {
			isa = XCBuildConfiguration;
			buildSettings = {
				COPY_PHASE_STRIP = NO;
				DEAD_CODE_STRIPPING = NO;
				DSTROOT = /tmp/Threading.dst;
				GCC_PRECOMPILE_PREFIX_HEADER = YES;
				GCC_PREFIX_HEADER = "Threading/NimbusKitThreading-Prefix.pch";
				OTHER_LDFLAGS = "-ObjC";
				PRODUCT_NAME = NimbusKitThreading;
				PUBLIC_HEADERS_FOLDER_PATH = "$(PROJECT_NAME)Headers";
				SKIP_INSTALL = YES;
				STRIP_STYLE = "non-global";
			};
			name = Debug;
		};
		66975337196525330016D50E /* Release */ = {
			isa = XCBuildConfiguration;
			buildSettings = {
				COPY_PHASE_STRIP = NO;
				DEAD_CODE_STRIPPING = NO;
				DSTROOT = /tmp/Threading.dst;
				GCC_PRECOMPILE_PREFIX_HEADER = YES;
				GCC_PREFIX_HEADER = "Threading/NimbusKitThreading-Prefix.pch";
				OTHER_LDFLAGS = "-ObjC";
				PRODUCT_NAME = NimbusKitThreading;
				PUBLIC_HEADERS_FOLDER_PATH = "$(PROJECT_NAME)Headers";
				SKIP_INSTALL = YES;
				STRIP_STYLE = "non-global";
			};
			name = Release;
		};
/* End XCBuildConfiguration section */

/* Begin XCConfigurationList section */
		6697530D196525330016D50E /* Build configuration list for PBXProject "NimbusKitThreading" */ = {
			isa = XCConfigurationList;
			buildConfigurations = (
				66975333196525330016D50E /* Debug */,
				66975334196525330016D50E /* Release */,
			);
			defaultConfigurationIsVisible = 0;
			defaultConfigurationName = Release;
		};
		66975335196525330016D50E /* Build configuration list for PBXNativeTarget "NimbusKitThreading" */ = {
			isa = XCConfigurationList;
			buildConfigurations = (
				66975336196525330016D50E /* Debug */,
				66975337196525330016D50E /* Release */,
			);
			defaultConfigurationIsVisible = 0;
			defaultConfigurationName = Release;
		};
/* End XCConfigurationList section */
	};
	rootObject = 6697530A196525330016D50E /* Project object */;
}
